
Microsoft Visual Studio Solution File, Format Version 12.00
# Visual Studio Version 17
VisualStudioVersion = 17.7.34009.444
MinimumVisualStudioVersion = 10.0.40219.1
Project("{FAE04EC0-301F-11D3-BF4B-00C04F79EFBC}") = "Api", "Api\Api.csproj", "{586F468B-83BD-498F-9E0B-3C10DA29D4DB}"
EndProject
Global
	GlobalSection(SolutionConfigurationPlatforms) = preSolution
		Debug|Any CPU = Debug|Any CPU
		Release|Any CPU = Release|Any CPU
	EndGlobalSection
	GlobalSection(ProjectConfigurationPlatforms) = postSolution
		{586F468B-83BD-498F-9E0B-3C10DA29D4DB}.Debug|Any CPU.ActiveCfg = Debug|Any CPU
		{586F468B-83BD-498F-9E0B-3C10DA29D4DB}.Debug|Any CPU.Build.0 = Debug|Any CPU
		{586F468B-83BD-498F-9E0B-3C10DA29D4DB}.Release|Any CPU.ActiveCfg = Release|Any CPU
		{586F468B-83BD-498F-9E0B-3C10DA29D4DB}.Release|Any CPU.Build.0 = Release|Any CPU
	EndGlobalSection
	GlobalSection(SolutionProperties) = preSolution
		HideSolutionNode = FALSE
	EndGlobalSection
	GlobalSection(ExtensibilityGlobals) = postSolution
		SolutionGuid = {E54CB18E-083C-4353-9A21-8E2FFFB535AC}
	EndGlobalSection
EndGlobal
